github.com/go-telegram/bot v1.5.0 h1:q31yJ8iajFG54b17TgSs/Brl2YkWziRjf4Au5pe3xV0=
github.com/go-telegram/bot v1.5.0/go.mod h1:i2TRs7fXWIeaceF3z7KzsMt/he0TwkVC680mvdTFYeM=
github.com/joho/godotenv v1.5.1 h1:7eLL/+HRGLY0ldzfGMeQkb7vMd0as4CfYvUVzLqw0N0=
github.com/joho/godotenv v1.5.1/go.mod h1:f4LDr5Voq0i2e/R5DDNOoa2zzDfwtkZa6DnEwAbqwq4=
github.com/jpoz/groq v0.0.0-20240513145022-7a02894105a0 h1:ZP0lmO1qEfpnsLmUvSAANm1fjcjB0uugznY0rLoaHkc=
github.com/jpoz/groq v0.0.0-20240513145022-7a02894105a0/go.mod h1:dxU3O06tDTvsllR/3vlfQwxZIeyn5q6YbERqfx4R9EE=
github.com/mattn/go-sqlite3 v1.14.22 h1:2gZY6PC6kBnID23Tichd1K+Z0oS6nE/XwU+Vz/5o4kU=
github.com/mattn/go-sqlite3 v1.14.22/go.mod h1:Uh1q+B4BYcTPb+yiD3kU8Ct7aC0hY9fxUwlHK0RXw+Y=
